// !$*UTF8*$!
{
	archiveVersion = 1;
	classes = {
	};
	objectVersion = 46;
	objects = {

/* Begin PBXBuildFile section */
		00E356F31AD99517003FC87E /* InnerwondersTests.m in Sources */ = {isa = PBXBuildFile; fileRef = 00E356F21AD99517003FC87E /* InnerwondersTests.m */; };
		13B07FBC1A68108700A75B9A /* AppDelegate.m in Sources */ = {isa = PBXBuildFile; fileRef = 13B07FB01A68108700A75B9A /* AppDelegate.m */; };
		13B07FBD1A68108700A75B9A /* LaunchScreen.xib in Resources */ = {isa = PBXBuildFile; fileRef = 13B07FB11A68108700A75B9A /* LaunchScreen.xib */; };
		13B07FBF1A68108700A75B9A /* Images.xcassets in Resources */ = {isa = PBXBuildFile; fileRef = 13B07FB51A68108700A75B9A /* Images.xcassets */; };
		13B07FC11A68108700A75B9A /* main.m in Sources */ = {isa = PBXBuildFile; fileRef = 13B07FB71A68108700A75B9A /* main.m */; };
		2D02E4BC1E0B4A80006451C7 /* AppDelegate.m in Sources */ = {isa = PBXBuildFile; fileRef = 13B07FB01A68108700A75B9A /* AppDelegate.m */; };
		2D02E4BD1E0B4A84006451C7 /* Images.xcassets in Resources */ = {isa = PBXBuildFile; fileRef = 13B07FB51A68108700A75B9A /* Images.xcassets */; };
		2D02E4BF1E0B4AB3006451C7 /* main.m in Sources */ = {isa = PBXBuildFile; fileRef = 13B07FB71A68108700A75B9A /* main.m */; };
		2DCD954D1E0B4F2C00145EB5 /* InnerwondersTests.m in Sources */ = {isa = PBXBuildFile; fileRef = 00E356F21AD99517003FC87E /* InnerwondersTests.m */; };
		6CBA46A63BE54A3A9788D2F4 /* AntDesign.ttf in Resources */ = {isa = PBXBuildFile; fileRef = E4C96A70FF1C4497809A7111 /* AntDesign.ttf */; };
		F6CB18F556E14E7F997D4304 /* Entypo.ttf in Resources */ = {isa = PBXBuildFile; fileRef = 6A21BDF2007F453483BB0D26 /* Entypo.ttf */; };
		C1B83A306B8A423896937D11 /* EvilIcons.ttf in Resources */ = {isa = PBXBuildFile; fileRef = FB4D1A265C184C519F98AB3C /* EvilIcons.ttf */; };
		47D01D8F12384029B4E637A1 /* Feather.ttf in Resources */ = {isa = PBXBuildFile; fileRef = 828CE958ABC9408FBB63B772 /* Feather.ttf */; };
		5F17CF2FD9ED4BD6B12DEFC8 /* FontAwesome.ttf in Resources */ = {isa = PBXBuildFile; fileRef = 17A1D431F7E047A7B3108399 /* FontAwesome.ttf */; };
		8C2E1DD378E942099C09D631 /* FontAwesome5_Brands.ttf in Resources */ = {isa = PBXBuildFile; fileRef = 216BCA7BFF5745B2B4FDF669 /* FontAwesome5_Brands.ttf */; };
		0416B119740E418B9F21EBD9 /* FontAwesome5_Regular.ttf in Resources */ = {isa = PBXBuildFile; fileRef = 9D079DFEE44241219850E532 /* FontAwesome5_Regular.ttf */; };
		883DAF1D02F1427689DFBF0C /* FontAwesome5_Solid.ttf in Resources */ = {isa = PBXBuildFile; fileRef = EA04FA6B9A954930A769D025 /* FontAwesome5_Solid.ttf */; };
		BC7911C599E0421FA89EE105 /* Fontisto.ttf in Resources */ = {isa = PBXBuildFile; fileRef = 687967FA4AC44CAFBDDE76E7 /* Fontisto.ttf */; };
		C2ACB8FB1C8346C3BBB24FDA /* Foundation.ttf in Resources */ = {isa = PBXBuildFile; fileRef = 19A4A3AC635F41CC91969AE4 /* Foundation.ttf */; };
		BD4B78E32CF440A787084E9B /* Ionicons.ttf in Resources */ = {isa = PBXBuildFile; fileRef = 5865C9F850DB4655B0C5BADF /* Ionicons.ttf */; };
		5A5F65F80F02408F821FAC64 /* MaterialCommunityIcons.ttf in Resources */ = {isa = PBXBuildFile; fileRef = A32CA69B24504B89BB78704F /* MaterialCommunityIcons.ttf */; };
		07E3F66BE83143A1A30A3263 /* MaterialIcons.ttf in Resources */ = {isa = PBXBuildFile; fileRef = C72FB907CE734B0C96C2E7D6 /* MaterialIcons.ttf */; };
		DF915079DEED45748FD948B8 /* Octicons.ttf in Resources */ = {isa = PBXBuildFile; fileRef = 7F42F40DEB0148BFB4D2A688 /* Octicons.ttf */; };
		2FA853D5DDD741D687844391 /* SimpleLineIcons.ttf in Resources */ = {isa = PBXBuildFile; fileRef = 95A3387BB11E463792453DB6 /* SimpleLineIcons.ttf */; };
		5489F8EE53AD4CC0A2228D8B /* Zocial.ttf in Resources */ = {isa = PBXBuildFile; fileRef = F1989C6A1C9A4B468FE304BF /* Zocial.ttf */; };
		1D76B877F5E444509FEA2BE1 /* ALGER.TTF in Resources */ = {isa = PBXBuildFile; fileRef = 1B7D9CB4D808459A87BEB584 /* ALGER.TTF */; };
		BDD58A539BE84C63B3127AD4 /* Poppins-Black.otf in Resources */ = {isa = PBXBuildFile; fileRef = 67D8EFC865884AC581B35D67 /* Poppins-Black.otf */; };
		A1AD4B78CFA64710837FB07C /* Poppins-BlackItalic.otf in Resources */ = {isa = PBXBuildFile; fileRef = B5C36228BE124FC69B85DDCC /* Poppins-BlackItalic.otf */; };
		9C2893B2AC4C4F6790A10443 /* Poppins-Bold.otf in Resources */ = {isa = PBXBuildFile; fileRef = 17BFC734CA45494EB4856D07 /* Poppins-Bold.otf */; };
		BD9A70BE44BF4357A0BCAD88 /* Poppins-BoldItalic.otf in Resources */ = {isa = PBXBuildFile; fileRef = 44D4C6F26F834F3089F4B8F0 /* Poppins-BoldItalic.otf */; };
		FEB74A0EB52D4D558BA515B7 /* Poppins-ExtraBold.otf in Resources */ = {isa = PBXBuildFile; fileRef = AFA02F182F2F4134AA9ECE2D /* Poppins-ExtraBold.otf */; };
		489338A2740F4A8E8C3524C0 /* Poppins-ExtraBoldItalic.otf in Resources */ = {isa = PBXBuildFile; fileRef = 2A368AA04A834CC0B3A5B7BD /* Poppins-ExtraBoldItalic.otf */; };
		17C908BF20CA47FA896F0450 /* Poppins-ExtraLight.otf in Resources */ = {isa = PBXBuildFile; fileRef = FC474F39C1414239B2425D1D /* Poppins-ExtraLight.otf */; };
		DD6B622335724E4FBDB35E04 /* Poppins-ExtraLightItalic.otf in Resources */ = {isa = PBXBuildFile; fileRef = 4399795EE0F24612B50053D5 /* Poppins-ExtraLightItalic.otf */; };
		DC6DA965DEC44EBD814B1F7A /* Poppins-Italic.otf in Resources */ = {isa = PBXBuildFile; fileRef = 962559BA515D4D4EA82DBC3E /* Poppins-Italic.otf */; };
		DF5A7165F14749E4861A85A2 /* Poppins-Light.otf in Resources */ = {isa = PBXBuildFile; fileRef = 6450B9E128DF4CCCA2283A3B /* Poppins-Light.otf */; };
		919A25058C3344819445CDD2 /* Poppins-LightItalic.otf in Resources */ = {isa = PBXBuildFile; fileRef = E8DF870682864D7ABDFD573E /* Poppins-LightItalic.otf */; };
		446096FD80D042229BFFEA0C /* Poppins-Medium.otf in Resources */ = {isa = PBXBuildFile; fileRef = A33E52EA097B4FF09A6EBADC /* Poppins-Medium.otf */; };
		AAA4F1A8A03A44BDB98E1C09 /* Poppins-MediumItalic.otf in Resources */ = {isa = PBXBuildFile; fileRef = A9D424B5DBEE451A9DBD9AB0 /* Poppins-MediumItalic.otf */; };
		B392ED406C184EE996C9AEA6 /* Poppins-Regular.otf in Resources */ = {isa = PBXBuildFile; fileRef = 2A41F3CBB91D4300959A24BB /* Poppins-Regular.otf */; };
		412D0220AC574045AACA53DB /* Poppins-SemiBold.otf in Resources */ = {isa = PBXBuildFile; fileRef = 89A3617AF7084A3DB5AA90D5 /* Poppins-SemiBold.otf */; };
		6875F310ED8448B1AAC99B45 /* Poppins-SemiBoldItalic.otf in Resources */ = {isa = PBXBuildFile; fileRef = 65163347DB354D85A2FBE497 /* Poppins-SemiBoldItalic.otf */; };
		CF9F34A080284933A256203C /* Poppins-Thin.otf in Resources */ = {isa = PBXBuildFile; fileRef = 147B75CB8B544902AB953175 /* Poppins-Thin.otf */; };
		1C012773F6AD4BE9821EF9B0 /* Poppins-ThinItalic.otf in Resources */ = {isa = PBXBuildFile; fileRef = A9360A4FDE40498F85AAB928 /* Poppins-ThinItalic.otf */; };
		D5421A4F3B654F53BB1E5962 /* AntDesign.ttf in Resources */ = {isa = PBXBuildFile; fileRef = 53E3D1599B8747F39D0D0F67 /* AntDesign.ttf */; };
		BBAB50B78C264C0792893D1C /* Entypo.ttf in Resources */ = {isa = PBXBuildFile; fileRef = F0180E8A70184712BB34FFD1 /* Entypo.ttf */; };
		372CB03913D34126A8083024 /* EvilIcons.ttf in Resources */ = {isa = PBXBuildFile; fileRef = 1B6451212EEF4D789A7F82C3 /* EvilIcons.ttf */; };
		E90C0ABB15B644329155368B /* Feather.ttf in Resources */ = {isa = PBXBuildFile; fileRef = 096FE62C8F364A56B86969FB /* Feather.ttf */; };
		9BF070A26FF54F84864DC909 /* FontAwesome.ttf in Resources */ = {isa = PBXBuildFile; fileRef = 33800FD1611D42C9A0578121 /* FontAwesome.ttf */; };
		DF88DFDD4AAC4A15940CC74F /* FontAwesome5_Brands.ttf in Resources */ = {isa = PBXBuildFile; fileRef = 7EA59999EA6A47659CA360C2 /* FontAwesome5_Brands.ttf */; };
		0A2D67045D8746DAAF0C3817 /* FontAwesome5_Regular.ttf in Resources */ = {isa = PBXBuildFile; fileRef = 3B2E8D0B2DE340A6A0F54467 /* FontAwesome5_Regular.ttf */; };
		BC223E75E5BE49509742F193 /* FontAwesome5_Solid.ttf in Resources */ = {isa = PBXBuildFile; fileRef = 4BA117EE5BD74023AC42A926 /* FontAwesome5_Solid.ttf */; };
		E386F74360AD4A6590E944D6 /* Fontisto.ttf in Resources */ = {isa = PBXBuildFile; fileRef = BBB89A18C120438D930A4D40 /* Fontisto.ttf */; };
		3F8D5D49065C4CCEB724D45A /* Foundation.ttf in Resources */ = {isa = PBXBuildFile; fileRef = 5205D24685DD47E79F295F04 /* Foundation.ttf */; };
		79E7C6DD3C7A4218B44B39B1 /* Ionicons.ttf in Resources */ = {isa = PBXBuildFile; fileRef = B4D9591541ED4B0EB494AD50 /* Ionicons.ttf */; };
		BA7EF8F364DE47939F866E16 /* MaterialCommunityIcons.ttf in Resources */ = {isa = PBXBuildFile; fileRef = D8F2A9DC2C8842F186E3FB9C /* MaterialCommunityIcons.ttf */; };
		08C67940133B4CC1910D7442 /* MaterialIcons.ttf in Resources */ = {isa = PBXBuildFile; fileRef = 02C9F2EB63EC4173B51A6073 /* MaterialIcons.ttf */; };
		78E1467E4ACE42AE80DB0177 /* Octicons.ttf in Resources */ = {isa = PBXBuildFile; fileRef = A5BEEE001C9F4AB98972153A /* Octicons.ttf */; };
		8F614CDB836C46968835F714 /* Roboto_medium.ttf in Resources */ = {isa = PBXBuildFile; fileRef = 3449408A8694490C835877DB /* Roboto_medium.ttf */; };
		FDCDEBEED7BC41EE80154922 /* Roboto.ttf in Resources */ = {isa = PBXBuildFile; fileRef = 0801443B98554A2DA3D228C1 /* Roboto.ttf */; };
		8B4432711B7F402E886C58FD /* rubicon-icon-font.ttf in Resources */ = {isa = PBXBuildFile; fileRef = F111EE4B2611499A8DF01769 /* rubicon-icon-font.ttf */; };
		12971B2C2DD7459C847906D4 /* SimpleLineIcons.ttf in Resources */ = {isa = PBXBuildFile; fileRef = F7B73A02ACB54EEFBC257675 /* SimpleLineIcons.ttf */; };
		826ED6C944B944DB92C711FE /* Zocial.ttf in Resources */ = {isa = PBXBuildFile; fileRef = 7700DBA6620745CE9C67AF02 /* Zocial.ttf */; };
/* End PBXBuildFile section */

/* Begin PBXContainerItemProxy section */
		00E356F41AD99517003FC87E /* PBXContainerItemProxy */ = {
			isa = PBXContainerItemProxy;
			containerPortal = 83CBB9F71A601CBA00E9B192 /* Project object */;
			proxyType = 1;
			remoteGlobalIDString = 13B07F861A680F5B00A75B9A;
			remoteInfo = Innerwonders;
		};
		2D02E4911E0B4A5D006451C7 /* PBXContainerItemProxy */ = {
			isa = PBXContainerItemProxy;
			containerPortal = 83CBB9F71A601CBA00E9B192 /* Project object */;
			proxyType = 1;
			remoteGlobalIDString = 2D02E47A1E0B4A5D006451C7;
			remoteInfo = "Innerwonders-tvOS";
		};
/* End PBXContainerItemProxy section */

/* Begin PBXFileReference section */
		008F07F21AC5B25A0029DE68 /* main.jsbundle */ = {isa = PBXFileReference; fileEncoding = 4; lastKnownFileType = text; path = main.jsbundle; sourceTree = "<group>"; };
		00E356EE1AD99517003FC87E /* InnerwondersTests.xctest */ = {isa = PBXFileReference; explicitFileType = wrapper.cfbundle; includeInIndex = 0; path = InnerwondersTests.xctest; sourceTree = BUILT_PRODUCTS_DIR; };
		00E356F11AD99517003FC87E /* Info.plist */ = {isa = PBXFileReference; lastKnownFileType = text.plist.xml; path = Info.plist; sourceTree = "<group>"; };
		00E356F21AD99517003FC87E /* InnerwondersTests.m */ = {isa = PBXFileReference; lastKnownFileType = sourcecode.c.objc; path = InnerwondersTests.m; sourceTree = "<group>"; };
		13B07F961A680F5B00A75B9A /* Innerwonders.app */ = {isa = PBXFileReference; explicitFileType = wrapper.application; includeInIndex = 0; path = Innerwonders.app; sourceTree = BUILT_PRODUCTS_DIR; };
		13B07FAF1A68108700A75B9A /* AppDelegate.h */ = {isa = PBXFileReference; fileEncoding = 4; lastKnownFileType = sourcecode.c.h; name = AppDelegate.h; path = Innerwonders/AppDelegate.h; sourceTree = "<group>"; };
		13B07FB01A68108700A75B9A /* AppDelegate.m */ = {isa = PBXFileReference; fileEncoding = 4; lastKnownFileType = sourcecode.c.objc; name = AppDelegate.m; path = Innerwonders/AppDelegate.m; sourceTree = "<group>"; };
		13B07FB21A68108700A75B9A /* Base */ = {isa = PBXFileReference; lastKnownFileType = file.xib; name = Base; path = Base.lproj/LaunchScreen.xib; sourceTree = "<group>"; };
		13B07FB51A68108700A75B9A /* Images.xcassets */ = {isa = PBXFileReference; lastKnownFileType = folder.assetcatalog; name = Images.xcassets; path = Innerwonders/Images.xcassets; sourceTree = "<group>"; };
		13B07FB61A68108700A75B9A /* Info.plist */ = {isa = PBXFileReference; fileEncoding = 4; lastKnownFileType = text.plist.xml; name = Info.plist; path = Innerwonders/Info.plist; sourceTree = "<group>"; };
		13B07FB71A68108700A75B9A /* main.m */ = {isa = PBXFileReference; fileEncoding = 4; lastKnownFileType = sourcecode.c.objc; name = main.m; path = Innerwonders/main.m; sourceTree = "<group>"; };
		2D02E47B1E0B4A5D006451C7 /* Innerwonders-tvOS.app */ = {isa = PBXFileReference; explicitFileType = wrapper.application; includeInIndex = 0; path = "Innerwonders-tvOS.app"; sourceTree = BUILT_PRODUCTS_DIR; };
		2D02E4901E0B4A5D006451C7 /* Innerwonders-tvOSTests.xctest */ = {isa = PBXFileReference; explicitFileType = wrapper.cfbundle; includeInIndex = 0; path = "Innerwonders-tvOSTests.xctest"; sourceTree = BUILT_PRODUCTS_DIR; };
		ED297162215061F000B7C4FE /* JavaScriptCore.framework */ = {isa = PBXFileReference; lastKnownFileType = wrapper.framework; name = JavaScriptCore.framework; path = System/Library/Frameworks/JavaScriptCore.framework; sourceTree = SDKROOT; };
		ED2971642150620600B7C4FE /* JavaScriptCore.framework */ = {isa = PBXFileReference; lastKnownFileType = wrapper.framework; name = JavaScriptCore.framework; path = Platforms/AppleTVOS.platform/Developer/SDKs/AppleTVOS12.0.sdk/System/Library/Frameworks/JavaScriptCore.framework; sourceTree = DEVELOPER_DIR; };
		E4C96A70FF1C4497809A7111 /* AntDesign.ttf */ = {isa = PBXFileReference; name = "AntDesign.ttf"; path = "../node_modules/react-native-vector-icons/Fonts/AntDesign.ttf"; sourceTree = "<group>"; fileEncoding = undefined; lastKnownFileType = unknown; explicitFileType = undefined; includeInIndex = 0; };
		6A21BDF2007F453483BB0D26 /* Entypo.ttf */ = {isa = PBXFileReference; name = "Entypo.ttf"; path = "../node_modules/react-native-vector-icons/Fonts/Entypo.ttf"; sourceTree = "<group>"; fileEncoding = undefined; lastKnownFileType = unknown; explicitFileType = undefined; includeInIndex = 0; };
		FB4D1A265C184C519F98AB3C /* EvilIcons.ttf */ = {isa = PBXFileReference; name = "EvilIcons.ttf"; path = "../node_modules/react-native-vector-icons/Fonts/EvilIcons.ttf"; sourceTree = "<group>"; fileEncoding = undefined; lastKnownFileType = unknown; explicitFileType = undefined; includeInIndex = 0; };
		828CE958ABC9408FBB63B772 /* Feather.ttf */ = {isa = PBXFileReference; name = "Feather.ttf"; path = "../node_modules/react-native-vector-icons/Fonts/Feather.ttf"; sourceTree = "<group>"; fileEncoding = undefined; lastKnownFileType = unknown; explicitFileType = undefined; includeInIndex = 0; };
		17A1D431F7E047A7B3108399 /* FontAwesome.ttf */ = {isa = PBXFileReference; name = "FontAwesome.ttf"; path = "../node_modules/react-native-vector-icons/Fonts/FontAwesome.ttf"; sourceTree = "<group>"; fileEncoding = undefined; lastKnownFileType = unknown; explicitFileType = undefined; includeInIndex = 0; };
		216BCA7BFF5745B2B4FDF669 /* FontAwesome5_Brands.ttf */ = {isa = PBXFileReference; name = "FontAwesome5_Brands.ttf"; path = "../node_modules/react-native-vector-icons/Fonts/FontAwesome5_Brands.ttf"; sourceTree = "<group>"; fileEncoding = undefined; lastKnownFileType = unknown; explicitFileType = undefined; includeInIndex = 0; };
		9D079DFEE44241219850E532 /* FontAwesome5_Regular.ttf */ = {isa = PBXFileReference; name = "FontAwesome5_Regular.ttf"; path = "../node_modules/react-native-vector-icons/Fonts/FontAwesome5_Regular.ttf"; sourceTree = "<group>"; fileEncoding = undefined; lastKnownFileType = unknown; explicitFileType = undefined; includeInIndex = 0; };
		EA04FA6B9A954930A769D025 /* FontAwesome5_Solid.ttf */ = {isa = PBXFileReference; name = "FontAwesome5_Solid.ttf"; path = "../node_modules/react-native-vector-icons/Fonts/FontAwesome5_Solid.ttf"; sourceTree = "<group>"; fileEncoding = undefined; lastKnownFileType = unknown; explicitFileType = undefined; includeInIndex = 0; };
		687967FA4AC44CAFBDDE76E7 /* Fontisto.ttf */ = {isa = PBXFileReference; name = "Fontisto.ttf"; path = "../node_modules/react-native-vector-icons/Fonts/Fontisto.ttf"; sourceTree = "<group>"; fileEncoding = undefined; lastKnownFileType = unknown; explicitFileType = undefined; includeInIndex = 0; };
		19A4A3AC635F41CC91969AE4 /* Foundation.ttf */ = {isa = PBXFileReference; name = "Foundation.ttf"; path = "../node_modules/react-native-vector-icons/Fonts/Foundation.ttf"; sourceTree = "<group>"; fileEncoding = undefined; lastKnownFileType = unknown; explicitFileType = undefined; includeInIndex = 0; };
		5865C9F850DB4655B0C5BADF /* Ionicons.ttf */ = {isa = PBXFileReference; name = "Ionicons.ttf"; path = "../node_modules/react-native-vector-icons/Fonts/Ionicons.ttf"; sourceTree = "<group>"; fileEncoding = undefined; lastKnownFileType = unknown; explicitFileType = undefined; includeInIndex = 0; };
		A32CA69B24504B89BB78704F /* MaterialCommunityIcons.ttf */ = {isa = PBXFileReference; name = "MaterialCommunityIcons.ttf"; path = "../node_modules/react-native-vector-icons/Fonts/MaterialCommunityIcons.ttf"; sourceTree = "<group>"; fileEncoding = undefined; lastKnownFileType = unknown; explicitFileType = undefined; includeInIndex = 0; };
		C72FB907CE734B0C96C2E7D6 /* MaterialIcons.ttf */ = {isa = PBXFileReference; name = "MaterialIcons.ttf"; path = "../node_modules/react-native-vector-icons/Fonts/MaterialIcons.ttf"; sourceTree = "<group>"; fileEncoding = undefined; lastKnownFileType = unknown; explicitFileType = undefined; includeInIndex = 0; };
		7F42F40DEB0148BFB4D2A688 /* Octicons.ttf */ = {isa = PBXFileReference; name = "Octicons.ttf"; path = "../node_modules/react-native-vector-icons/Fonts/Octicons.ttf"; sourceTree = "<group>"; fileEncoding = undefined; lastKnownFileType = unknown; explicitFileType = undefined; includeInIndex = 0; };
		95A3387BB11E463792453DB6 /* SimpleLineIcons.ttf */ = {isa = PBXFileReference; name = "SimpleLineIcons.ttf"; path = "../node_modules/react-native-vector-icons/Fonts/SimpleLineIcons.ttf"; sourceTree = "<group>"; fileEncoding = undefined; lastKnownFileType = unknown; explicitFileType = undefined; includeInIndex = 0; };
		F1989C6A1C9A4B468FE304BF /* Zocial.ttf */ = {isa = PBXFileReference; name = "Zocial.ttf"; path = "../node_modules/react-native-vector-icons/Fonts/Zocial.ttf"; sourceTree = "<group>"; fileEncoding = undefined; lastKnownFileType = unknown; explicitFileType = undefined; includeInIndex = 0; };
		1B7D9CB4D808459A87BEB584 /* ALGER.TTF */ = {isa = PBXFileReference; name = "ALGER.TTF"; path = "../assets/fonts/ALGER.TTF"; sourceTree = "<group>"; fileEncoding = undefined; lastKnownFileType = unknown; explicitFileType = undefined; includeInIndex = 0; };
		67D8EFC865884AC581B35D67 /* Poppins-Black.otf */ = {isa = PBXFileReference; name = "Poppins-Black.otf"; path = "../assets/fonts/Poppins-Black.otf"; sourceTree = "<group>"; fileEncoding = undefined; lastKnownFileType = unknown; explicitFileType = undefined; includeInIndex = 0; };
		B5C36228BE124FC69B85DDCC /* Poppins-BlackItalic.otf */ = {isa = PBXFileReference; name = "Poppins-BlackItalic.otf"; path = "../assets/fonts/Poppins-BlackItalic.otf"; sourceTree = "<group>"; fileEncoding = undefined; lastKnownFileType = unknown; explicitFileType = undefined; includeInIndex = 0; };
		17BFC734CA45494EB4856D07 /* Poppins-Bold.otf */ = {isa = PBXFileReference; name = "Poppins-Bold.otf"; path = "../assets/fonts/Poppins-Bold.otf"; sourceTree = "<group>"; fileEncoding = undefined; lastKnownFileType = unknown; explicitFileType = undefined; includeInIndex = 0; };
		44D4C6F26F834F3089F4B8F0 /* Poppins-BoldItalic.otf */ = {isa = PBXFileReference; name = "Poppins-BoldItalic.otf"; path = "../assets/fonts/Poppins-BoldItalic.otf"; sourceTree = "<group>"; fileEncoding = undefined; lastKnownFileType = unknown; explicitFileType = undefined; includeInIndex = 0; };
		AFA02F182F2F4134AA9ECE2D /* Poppins-ExtraBold.otf */ = {isa = PBXFileReference; name = "Poppins-ExtraBold.otf"; path = "../assets/fonts/Poppins-ExtraBold.otf"; sourceTree = "<group>"; fileEncoding = undefined; lastKnownFileType = unknown; explicitFileType = undefined; includeInIndex = 0; };
		2A368AA04A834CC0B3A5B7BD /* Poppins-ExtraBoldItalic.otf */ = {isa = PBXFileReference; name = "Poppins-ExtraBoldItalic.otf"; path = "../assets/fonts/Poppins-ExtraBoldItalic.otf"; sourceTree = "<group>"; fileEncoding = undefined; lastKnownFileType = unknown; explicitFileType = undefined; includeInIndex = 0; };
		FC474F39C1414239B2425D1D /* Poppins-ExtraLight.otf */ = {isa = PBXFileReference; name = "Poppins-ExtraLight.otf"; path = "../assets/fonts/Poppins-ExtraLight.otf"; sourceTree = "<group>"; fileEncoding = undefined; lastKnownFileType = unknown; explicitFileType = undefined; includeInIndex = 0; };
		4399795EE0F24612B50053D5 /* Poppins-ExtraLightItalic.otf */ = {isa = PBXFileReference; name = "Poppins-ExtraLightItalic.otf"; path = "../assets/fonts/Poppins-ExtraLightItalic.otf"; sourceTree = "<group>"; fileEncoding = undefined; lastKnownFileType = unknown; explicitFileType = undefined; includeInIndex = 0; };
		962559BA515D4D4EA82DBC3E /* Poppins-Italic.otf */ = {isa = PBXFileReference; name = "Poppins-Italic.otf"; path = "../assets/fonts/Poppins-Italic.otf"; sourceTree = "<group>"; fileEncoding = undefined; lastKnownFileType = unknown; explicitFileType = undefined; includeInIndex = 0; };
		6450B9E128DF4CCCA2283A3B /* Poppins-Light.otf */ = {isa = PBXFileReference; name = "Poppins-Light.otf"; path = "../assets/fonts/Poppins-Light.otf"; sourceTree = "<group>"; fileEncoding = undefined; lastKnownFileType = unknown; explicitFileType = undefined; includeInIndex = 0; };
		E8DF870682864D7ABDFD573E /* Poppins-LightItalic.otf */ = {isa = PBXFileReference; name = "Poppins-LightItalic.otf"; path = "../assets/fonts/Poppins-LightItalic.otf"; sourceTree = "<group>"; fileEncoding = undefined; lastKnownFileType = unknown; explicitFileType = undefined; includeInIndex = 0; };
		A33E52EA097B4FF09A6EBADC /* Poppins-Medium.otf */ = {isa = PBXFileReference; name = "Poppins-Medium.otf"; path = "../assets/fonts/Poppins-Medium.otf"; sourceTree = "<group>"; fileEncoding = undefined; lastKnownFileType = unknown; explicitFileType = undefined; includeInIndex = 0; };
		A9D424B5DBEE451A9DBD9AB0 /* Poppins-MediumItalic.otf */ = {isa = PBXFileReference; name = "Poppins-MediumItalic.otf"; path = "../assets/fonts/Poppins-MediumItalic.otf"; sourceTree = "<group>"; fileEncoding = undefined; lastKnownFileType = unknown; explicitFileType = undefined; includeInIndex = 0; };
		2A41F3CBB91D4300959A24BB /* Poppins-Regular.otf */ = {isa = PBXFileReference; name = "Poppins-Regular.otf"; path = "../assets/fonts/Poppins-Regular.otf"; sourceTree = "<group>"; fileEncoding = undefined; lastKnownFileType = unknown; explicitFileType = undefined; includeInIndex = 0; };
		89A3617AF7084A3DB5AA90D5 /* Poppins-SemiBold.otf */ = {isa = PBXFileReference; name = "Poppins-SemiBold.otf"; path = "../assets/fonts/Poppins-SemiBold.otf"; sourceTree = "<group>"; fileEncoding = undefined; lastKnownFileType = unknown; explicitFileType = undefined; includeInIndex = 0; };
		65163347DB354D85A2FBE497 /* Poppins-SemiBoldItalic.otf */ = {isa = PBXFileReference; name = "Poppins-SemiBoldItalic.otf"; path = "../assets/fonts/Poppins-SemiBoldItalic.otf"; sourceTree = "<group>"; fileEncoding = undefined; lastKnownFileType = unknown; explicitFileType = undefined; includeInIndex = 0; };
		147B75CB8B544902AB953175 /* Poppins-Thin.otf */ = {isa = PBXFileReference; name = "Poppins-Thin.otf"; path = "../assets/fonts/Poppins-Thin.otf"; sourceTree = "<group>"; fileEncoding = undefined; lastKnownFileType = unknown; explicitFileType = undefined; includeInIndex = 0; };
		A9360A4FDE40498F85AAB928 /* Poppins-ThinItalic.otf */ = {isa = PBXFileReference; name = "Poppins-ThinItalic.otf"; path = "../assets/fonts/Poppins-ThinItalic.otf"; sourceTree = "<group>"; fileEncoding = undefined; lastKnownFileType = unknown; explicitFileType = undefined; includeInIndex = 0; };
		53E3D1599B8747F39D0D0F67 /* AntDesign.ttf */ = {isa = PBXFileReference; name = "AntDesign.ttf"; path = "../node_modules/native-base/Fonts/AntDesign.ttf"; sourceTree = "<group>"; fileEncoding = undefined; lastKnownFileType = unknown; explicitFileType = undefined; includeInIndex = 0; };
		F0180E8A70184712BB34FFD1 /* Entypo.ttf */ = {isa = PBXFileReference; name = "Entypo.ttf"; path = "../node_modules/native-base/Fonts/Entypo.ttf"; sourceTree = "<group>"; fileEncoding = undefined; lastKnownFileType = unknown; explicitFileType = undefined; includeInIndex = 0; };
		1B6451212EEF4D789A7F82C3 /* EvilIcons.ttf */ = {isa = PBXFileReference; name = "EvilIcons.ttf"; path = "../node_modules/native-base/Fonts/EvilIcons.ttf"; sourceTree = "<group>"; fileEncoding = undefined; lastKnownFileType = unknown; explicitFileType = undefined; includeInIndex = 0; };
		096FE62C8F364A56B86969FB /* Feather.ttf */ = {isa = PBXFileReference; name = "Feather.ttf"; path = "../node_modules/native-base/Fonts/Feather.ttf"; sourceTree = "<group>"; fileEncoding = undefined; lastKnownFileType = unknown; explicitFileType = undefined; includeInIndex = 0; };
		33800FD1611D42C9A0578121 /* FontAwesome.ttf */ = {isa = PBXFileReference; name = "FontAwesome.ttf"; path = "../node_modules/native-base/Fonts/FontAwesome.ttf"; sourceTree = "<group>"; fileEncoding = undefined; lastKnownFileType = unknown; explicitFileType = undefined; includeInIndex = 0; };
		7EA59999EA6A47659CA360C2 /* FontAwesome5_Brands.ttf */ = {isa = PBXFileReference; name = "FontAwesome5_Brands.ttf"; path = "../node_modules/native-base/Fonts/FontAwesome5_Brands.ttf"; sourceTree = "<group>"; fileEncoding = undefined; lastKnownFileType = unknown; explicitFileType = undefined; includeInIndex = 0; };
		3B2E8D0B2DE340A6A0F54467 /* FontAwesome5_Regular.ttf */ = {isa = PBXFileReference; name = "FontAwesome5_Regular.ttf"; path = "../node_modules/native-base/Fonts/FontAwesome5_Regular.ttf"; sourceTree = "<group>"; fileEncoding = undefined; lastKnownFileType = unknown; explicitFileType = undefined; includeInIndex = 0; };
		4BA117EE5BD74023AC42A926 /* FontAwesome5_Solid.ttf */ = {isa = PBXFileReference; name = "FontAwesome5_Solid.ttf"; path = "../node_modules/native-base/Fonts/FontAwesome5_Solid.ttf"; sourceTree = "<group>"; fileEncoding = undefined; lastKnownFileType = unknown; explicitFileType = undefined; includeInIndex = 0; };
		BBB89A18C120438D930A4D40 /* Fontisto.ttf */ = {isa = PBXFileReference; name = "Fontisto.ttf"; path = "../node_modules/native-base/Fonts/Fontisto.ttf"; sourceTree = "<group>"; fileEncoding = undefined; lastKnownFileType = unknown; explicitFileType = undefined; includeInIndex = 0; };
		5205D24685DD47E79F295F04 /* Foundation.ttf */ = {isa = PBXFileReference; name = "Foundation.ttf"; path = "../node_modules/native-base/Fonts/Foundation.ttf"; sourceTree = "<group>"; fileEncoding = undefined; lastKnownFileType = unknown; explicitFileType = undefined; includeInIndex = 0; };
		B4D9591541ED4B0EB494AD50 /* Ionicons.ttf */ = {isa = PBXFileReference; name = "Ionicons.ttf"; path = "../node_modules/native-base/Fonts/Ionicons.ttf"; sourceTree = "<group>"; fileEncoding = undefined; lastKnownFileType = unknown; explicitFileType = undefined; includeInIndex = 0; };
		D8F2A9DC2C8842F186E3FB9C /* MaterialCommunityIcons.ttf */ = {isa = PBXFileReference; name = "MaterialCommunityIcons.ttf"; path = "../node_modules/native-base/Fonts/MaterialCommunityIcons.ttf"; sourceTree = "<group>"; fileEncoding = undefined; lastKnownFileType = unknown; explicitFileType = undefined; includeInIndex = 0; };
		02C9F2EB63EC4173B51A6073 /* MaterialIcons.ttf */ = {isa = PBXFileReference; name = "MaterialIcons.ttf"; path = "../node_modules/native-base/Fonts/MaterialIcons.ttf"; sourceTree = "<group>"; fileEncoding = undefined; lastKnownFileType = unknown; explicitFileType = undefined; includeInIndex = 0; };
		A5BEEE001C9F4AB98972153A /* Octicons.ttf */ = {isa = PBXFileReference; name = "Octicons.ttf"; path = "../node_modules/native-base/Fonts/Octicons.ttf"; sourceTree = "<group>"; fileEncoding = undefined; lastKnownFileType = unknown; explicitFileType = undefined; includeInIndex = 0; };
		3449408A8694490C835877DB /* Roboto_medium.ttf */ = {isa = PBXFileReference; name = "Roboto_medium.ttf"; path = "../node_modules/native-base/Fonts/Roboto_medium.ttf"; sourceTree = "<group>"; fileEncoding = undefined; lastKnownFileType = unknown; explicitFileType = undefined; includeInIndex = 0; };
		0801443B98554A2DA3D228C1 /* Roboto.ttf */ = {isa = PBXFileReference; name = "Roboto.ttf"; path = "../node_modules/native-base/Fonts/Roboto.ttf"; sourceTree = "<group>"; fileEncoding = undefined; lastKnownFileType = unknown; explicitFileType = undefined; includeInIndex = 0; };
		F111EE4B2611499A8DF01769 /* rubicon-icon-font.ttf */ = {isa = PBXFileReference; name = "rubicon-icon-font.ttf"; path = "../node_modules/native-base/Fonts/rubicon-icon-font.ttf"; sourceTree = "<group>"; fileEncoding = undefined; lastKnownFileType = unknown; explicitFileType = undefined; includeInIndex = 0; };
		F7B73A02ACB54EEFBC257675 /* SimpleLineIcons.ttf */ = {isa = PBXFileReference; name = "SimpleLineIcons.ttf"; path = "../node_modules/native-base/Fonts/SimpleLineIcons.ttf"; sourceTree = "<group>"; fileEncoding = undefined; lastKnownFileType = unknown; explicitFileType = undefined; includeInIndex = 0; };
		7700DBA6620745CE9C67AF02 /* Zocial.ttf */ = {isa = PBXFileReference; name = "Zocial.ttf"; path = "../node_modules/native-base/Fonts/Zocial.ttf"; sourceTree = "<group>"; fileEncoding = undefined; lastKnownFileType = unknown; explicitFileType = undefined; includeInIndex = 0; };
/* End PBXFileReference section */

/* Begin PBXFrameworksBuildPhase section */
		00E356EB1AD99517003FC87E /* Frameworks */ = {
			isa = PBXFrameworksBuildPhase;
			buildActionMask = 2147483647;
			files = (
			);
			runOnlyForDeploymentPostprocessing = 0;
		};
		13B07F8C1A680F5B00A75B9A /* Frameworks */ = {
			isa = PBXFrameworksBuildPhase;
			buildActionMask = 2147483647;
			files = (
			);
			runOnlyForDeploymentPostprocessing = 0;
		};
		2D02E4781E0B4A5D006451C7 /* Frameworks */ = {
			isa = PBXFrameworksBuildPhase;
			buildActionMask = 2147483647;
			files = (
			);
			runOnlyForDeploymentPostprocessing = 0;
		};
		2D02E48D1E0B4A5D006451C7 /* Frameworks */ = {
			isa = PBXFrameworksBuildPhase;
			buildActionMask = 2147483647;
			files = (
			);
			runOnlyForDeploymentPostprocessing = 0;
		};
/* End PBXFrameworksBuildPhase section */

/* Begin PBXGroup section */
		00E356EF1AD99517003FC87E /* InnerwondersTests */ = {
			isa = PBXGroup;
			children = (
				00E356F21AD99517003FC87E /* InnerwondersTests.m */,
				00E356F01AD99517003FC87E /* Supporting Files */,
			);
			path = InnerwondersTests;
			sourceTree = "<group>";
		};
		00E356F01AD99517003FC87E /* Supporting Files */ = {
			isa = PBXGroup;
			children = (
				00E356F11AD99517003FC87E /* Info.plist */,
			);
			name = "Supporting Files";
			sourceTree = "<group>";
		};
		13B07FAE1A68108700A75B9A /* Innerwonders */ = {
			isa = PBXGroup;
			children = (
				008F07F21AC5B25A0029DE68 /* main.jsbundle */,
				13B07FAF1A68108700A75B9A /* AppDelegate.h */,
				13B07FB01A68108700A75B9A /* AppDelegate.m */,
				13B07FB51A68108700A75B9A /* Images.xcassets */,
				13B07FB61A68108700A75B9A /* Info.plist */,
				13B07FB11A68108700A75B9A /* LaunchScreen.xib */,
				13B07FB71A68108700A75B9A /* main.m */,
			);
			name = Innerwonders;
			sourceTree = "<group>";
		};
		2D16E6871FA4F8E400B85C8A /* Frameworks */ = {
			isa = PBXGroup;
			children = (
				ED297162215061F000B7C4FE /* JavaScriptCore.framework */,
				ED2971642150620600B7C4FE /* JavaScriptCore.framework */,
			);
			name = Frameworks;
			sourceTree = "<group>";
		};
		832341AE1AAA6A7D00B99B32 /* Libraries */ = {
			isa = PBXGroup;
			children = (
			);
			name = Libraries;
			sourceTree = "<group>";
		};
		83CBB9F61A601CBA00E9B192 = {
			isa = PBXGroup;
			children = (
				13B07FAE1A68108700A75B9A /* Innerwonders */,
				832341AE1AAA6A7D00B99B32 /* Libraries */,
				00E356EF1AD99517003FC87E /* InnerwondersTests */,
				83CBBA001A601CBA00E9B192 /* Products */,
				2D16E6871FA4F8E400B85C8A /* Frameworks */,
				DACA63F265A04616BCB73284 /* Resources */,
			);
			indentWidth = 2;
			sourceTree = "<group>";
			tabWidth = 2;
			usesTabs = 0;
		};
		83CBBA001A601CBA00E9B192 /* Products */ = {
			isa = PBXGroup;
			children = (
				13B07F961A680F5B00A75B9A /* Innerwonders.app */,
				00E356EE1AD99517003FC87E /* InnerwondersTests.xctest */,
				2D02E47B1E0B4A5D006451C7 /* Innerwonders-tvOS.app */,
				2D02E4901E0B4A5D006451C7 /* Innerwonders-tvOSTests.xctest */,
			);
			name = Products;
			sourceTree = "<group>";
		};
		DACA63F265A04616BCB73284 /* Resources */ = {
			isa = "PBXGroup";
			children = (
				E4C96A70FF1C4497809A7111 /* AntDesign.ttf */,
				6A21BDF2007F453483BB0D26 /* Entypo.ttf */,
				FB4D1A265C184C519F98AB3C /* EvilIcons.ttf */,
				828CE958ABC9408FBB63B772 /* Feather.ttf */,
				17A1D431F7E047A7B3108399 /* FontAwesome.ttf */,
				216BCA7BFF5745B2B4FDF669 /* FontAwesome5_Brands.ttf */,
				9D079DFEE44241219850E532 /* FontAwesome5_Regular.ttf */,
				EA04FA6B9A954930A769D025 /* FontAwesome5_Solid.ttf */,
				687967FA4AC44CAFBDDE76E7 /* Fontisto.ttf */,
				19A4A3AC635F41CC91969AE4 /* Foundation.ttf */,
				5865C9F850DB4655B0C5BADF /* Ionicons.ttf */,
				A32CA69B24504B89BB78704F /* MaterialCommunityIcons.ttf */,
				C72FB907CE734B0C96C2E7D6 /* MaterialIcons.ttf */,
				7F42F40DEB0148BFB4D2A688 /* Octicons.ttf */,
				95A3387BB11E463792453DB6 /* SimpleLineIcons.ttf */,
				F1989C6A1C9A4B468FE304BF /* Zocial.ttf */,
				1B7D9CB4D808459A87BEB584 /* ALGER.TTF */,
				67D8EFC865884AC581B35D67 /* Poppins-Black.otf */,
				B5C36228BE124FC69B85DDCC /* Poppins-BlackItalic.otf */,
				17BFC734CA45494EB4856D07 /* Poppins-Bold.otf */,
				44D4C6F26F834F3089F4B8F0 /* Poppins-BoldItalic.otf */,
				AFA02F182F2F4134AA9ECE2D /* Poppins-ExtraBold.otf */,
				2A368AA04A834CC0B3A5B7BD /* Poppins-ExtraBoldItalic.otf */,
				FC474F39C1414239B2425D1D /* Poppins-ExtraLight.otf */,
				4399795EE0F24612B50053D5 /* Poppins-ExtraLightItalic.otf */,
				962559BA515D4D4EA82DBC3E /* Poppins-Italic.otf */,
				6450B9E128DF4CCCA2283A3B /* Poppins-Light.otf */,
				E8DF870682864D7ABDFD573E /* Poppins-LightItalic.otf */,
				A33E52EA097B4FF09A6EBADC /* Poppins-Medium.otf */,
				A9D424B5DBEE451A9DBD9AB0 /* Poppins-MediumItalic.otf */,
				2A41F3CBB91D4300959A24BB /* Poppins-Regular.otf */,
				89A3617AF7084A3DB5AA90D5 /* Poppins-SemiBold.otf */,
				65163347DB354D85A2FBE497 /* Poppins-SemiBoldItalic.otf */,
				147B75CB8B544902AB953175 /* Poppins-Thin.otf */,
				A9360A4FDE40498F85AAB928 /* Poppins-ThinItalic.otf */,
				53E3D1599B8747F39D0D0F67 /* AntDesign.ttf */,
				F0180E8A70184712BB34FFD1 /* Entypo.ttf */,
				1B6451212EEF4D789A7F82C3 /* EvilIcons.ttf */,
				096FE62C8F364A56B86969FB /* Feather.ttf */,
				33800FD1611D42C9A0578121 /* FontAwesome.ttf */,
				7EA59999EA6A47659CA360C2 /* FontAwesome5_Brands.ttf */,
				3B2E8D0B2DE340A6A0F54467 /* FontAwesome5_Regular.ttf */,
				4BA117EE5BD74023AC42A926 /* FontAwesome5_Solid.ttf */,
				BBB89A18C120438D930A4D40 /* Fontisto.ttf */,
				5205D24685DD47E79F295F04 /* Foundation.ttf */,
				B4D9591541ED4B0EB494AD50 /* Ionicons.ttf */,
				D8F2A9DC2C8842F186E3FB9C /* MaterialCommunityIcons.ttf */,
				02C9F2EB63EC4173B51A6073 /* MaterialIcons.ttf */,
				A5BEEE001C9F4AB98972153A /* Octicons.ttf */,
				3449408A8694490C835877DB /* Roboto_medium.ttf */,
				0801443B98554A2DA3D228C1 /* Roboto.ttf */,
				F111EE4B2611499A8DF01769 /* rubicon-icon-font.ttf */,
				F7B73A02ACB54EEFBC257675 /* SimpleLineIcons.ttf */,
				7700DBA6620745CE9C67AF02 /* Zocial.ttf */,
			);
			name = Resources;
			sourceTree = "<group>";
			path = "";
		};
/* End PBXGroup section */

/* Begin PBXNativeTarget section */
		00E356ED1AD99517003FC87E /* InnerwondersTests */ = {
			isa = PBXNativeTarget;
			buildConfigurationList = 00E357021AD99517003FC87E /* Build configuration list for PBXNativeTarget "InnerwondersTests" */;
			buildPhases = (
				00E356EA1AD99517003FC87E /* Sources */,
				00E356EB1AD99517003FC87E /* Frameworks */,
				00E356EC1AD99517003FC87E /* Resources */,
			);
			buildRules = (
			);
			dependencies = (
				00E356F51AD99517003FC87E /* PBXTargetDependency */,
			);
			name = InnerwondersTests;
			productName = InnerwondersTests;
			productReference = 00E356EE1AD99517003FC87E /* InnerwondersTests.xctest */;
			productType = "com.apple.product-type.bundle.unit-test";
		};
		13B07F861A680F5B00A75B9A /* Innerwonders */ = {
			isa = PBXNativeTarget;
			buildConfigurationList = 13B07F931A680F5B00A75B9A /* Build configuration list for PBXNativeTarget "Innerwonders" */;
			buildPhases = (
				FD10A7F022414F080027D42C /* Start Packager */,
				13B07F871A680F5B00A75B9A /* Sources */,
				13B07F8C1A680F5B00A75B9A /* Frameworks */,
				13B07F8E1A680F5B00A75B9A /* Resources */,
				00DD1BFF1BD5951E006B06BC /* Bundle React Native code and images */,
			);
			buildRules = (
			);
			dependencies = (
			);
			name = Innerwonders;
			productName = "Innerwonders";
			productReference = 13B07F961A680F5B00A75B9A /* Innerwonders.app */;
			productType = "com.apple.product-type.application";
		};
		2D02E47A1E0B4A5D006451C7 /* Innerwonders-tvOS */ = {
			isa = PBXNativeTarget;
			buildConfigurationList = 2D02E4BA1E0B4A5E006451C7 /* Build configuration list for PBXNativeTarget "Innerwonders-tvOS" */;
			buildPhases = (
				FD10A7F122414F3F0027D42C /* Start Packager */,
				2D02E4771E0B4A5D006451C7 /* Sources */,
				2D02E4781E0B4A5D006451C7 /* Frameworks */,
				2D02E4791E0B4A5D006451C7 /* Resources */,
				2D02E4CB1E0B4B27006451C7 /* Bundle React Native Code And Images */,
			);
			buildRules = (
			);
			dependencies = (
			);
			name = "Innerwonders-tvOS";
			productName = "Innerwonders-tvOS";
			productReference = 2D02E47B1E0B4A5D006451C7 /* Innerwonders-tvOS.app */;
			productType = "com.apple.product-type.application";
		};
		2D02E48F1E0B4A5D006451C7 /* Innerwonders-tvOSTests */ = {
			isa = PBXNativeTarget;
			buildConfigurationList = 2D02E4BB1E0B4A5E006451C7 /* Build configuration list for PBXNativeTarget "Innerwonders-tvOSTests" */;
			buildPhases = (
				2D02E48C1E0B4A5D006451C7 /* Sources */,
				2D02E48D1E0B4A5D006451C7 /* Frameworks */,
				2D02E48E1E0B4A5D006451C7 /* Resources */,
			);
			buildRules = (
			);
			dependencies = (
				2D02E4921E0B4A5D006451C7 /* PBXTargetDependency */,
			);
			name = "Innerwonders-tvOSTests";
			productName = "Innerwonders-tvOSTests";
			productReference = 2D02E4901E0B4A5D006451C7 /* Innerwonders-tvOSTests.xctest */;
			productType = "com.apple.product-type.bundle.unit-test";
		};
/* End PBXNativeTarget section */

/* Begin PBXProject section */
		83CBB9F71A601CBA00E9B192 /* Project object */ = {
			isa = PBXProject;
			attributes = {
				LastUpgradeCheck = 940;
				ORGANIZATIONNAME = Facebook;
				TargetAttributes = {
					00E356ED1AD99517003FC87E = {
						CreatedOnToolsVersion = 6.2;
						TestTargetID = 13B07F861A680F5B00A75B9A;
					};
					2D02E47A1E0B4A5D006451C7 = {
						CreatedOnToolsVersion = 8.2.1;
						ProvisioningStyle = Automatic;
					};
					2D02E48F1E0B4A5D006451C7 = {
						CreatedOnToolsVersion = 8.2.1;
						ProvisioningStyle = Automatic;
						TestTargetID = 2D02E47A1E0B4A5D006451C7;
					};
				};
			};
			buildConfigurationList = 83CBB9FA1A601CBA00E9B192 /* Build configuration list for PBXProject "Innerwonders" */;
			compatibilityVersion = "Xcode 3.2";
			developmentRegion = English;
			hasScannedForEncodings = 0;
			knownRegions = (
				en,
				Base,
			);
			mainGroup = 83CBB9F61A601CBA00E9B192;
			productRefGroup = 83CBBA001A601CBA00E9B192 /* Products */;
			projectDirPath = "";
			projectRoot = "";
			targets = (
				13B07F861A680F5B00A75B9A /* Innerwonders */,
				00E356ED1AD99517003FC87E /* InnerwondersTests */,
				2D02E47A1E0B4A5D006451C7 /* Innerwonders-tvOS */,
				2D02E48F1E0B4A5D006451C7 /* Innerwonders-tvOSTests */,
			);
		};
/* End PBXProject section */

/* Begin PBXResourcesBuildPhase section */
		00E356EC1AD99517003FC87E /* Resources */ = {
			isa = PBXResourcesBuildPhase;
			buildActionMask = 2147483647;
			files = (
			);
			runOnlyForDeploymentPostprocessing = 0;
		};
		13B07F8E1A680F5B00A75B9A /* Resources */ = {
			isa = PBXResourcesBuildPhase;
			buildActionMask = 2147483647;
			files = (
				13B07FBF1A68108700A75B9A /* Images.xcassets in Resources */,
				13B07FBD1A68108700A75B9A /* LaunchScreen.xib in Resources */,
				6CBA46A63BE54A3A9788D2F4 /* AntDesign.ttf in Resources */,
				F6CB18F556E14E7F997D4304 /* Entypo.ttf in Resources */,
				C1B83A306B8A423896937D11 /* EvilIcons.ttf in Resources */,
				47D01D8F12384029B4E637A1 /* Feather.ttf in Resources */,
				5F17CF2FD9ED4BD6B12DEFC8 /* FontAwesome.ttf in Resources */,
				8C2E1DD378E942099C09D631 /* FontAwesome5_Brands.ttf in Resources */,
				0416B119740E418B9F21EBD9 /* FontAwesome5_Regular.ttf in Resources */,
				883DAF1D02F1427689DFBF0C /* FontAwesome5_Solid.ttf in Resources */,
				BC7911C599E0421FA89EE105 /* Fontisto.ttf in Resources */,
				C2ACB8FB1C8346C3BBB24FDA /* Foundation.ttf in Resources */,
				BD4B78E32CF440A787084E9B /* Ionicons.ttf in Resources */,
				5A5F65F80F02408F821FAC64 /* MaterialCommunityIcons.ttf in Resources */,
				07E3F66BE83143A1A30A3263 /* MaterialIcons.ttf in Resources */,
				DF915079DEED45748FD948B8 /* Octicons.ttf in Resources */,
				2FA853D5DDD741D687844391 /* SimpleLineIcons.ttf in Resources */,
				5489F8EE53AD4CC0A2228D8B /* Zocial.ttf in Resources */,
				1D76B877F5E444509FEA2BE1 /* ALGER.TTF in Resources */,
				BDD58A539BE84C63B3127AD4 /* Poppins-Black.otf in Resources */,
				A1AD4B78CFA64710837FB07C /* Poppins-BlackItalic.otf in Resources */,
				9C2893B2AC4C4F6790A10443 /* Poppins-Bold.otf in Resources */,
				BD9A70BE44BF4357A0BCAD88 /* Poppins-BoldItalic.otf in Resources */,
				FEB74A0EB52D4D558BA515B7 /* Poppins-ExtraBold.otf in Resources */,
				489338A2740F4A8E8C3524C0 /* Poppins-ExtraBoldItalic.otf in Resources */,
				17C908BF20CA47FA896F0450 /* Poppins-ExtraLight.otf in Resources */,
				DD6B622335724E4FBDB35E04 /* Poppins-ExtraLightItalic.otf in Resources */,
				DC6DA965DEC44EBD814B1F7A /* Poppins-Italic.otf in Resources */,
				DF5A7165F14749E4861A85A2 /* Poppins-Light.otf in Resources */,
				919A25058C3344819445CDD2 /* Poppins-LightItalic.otf in Resources */,
				446096FD80D042229BFFEA0C /* Poppins-Medium.otf in Resources */,
				AAA4F1A8A03A44BDB98E1C09 /* Poppins-MediumItalic.otf in Resources */,
				B392ED406C184EE996C9AEA6 /* Poppins-Regular.otf in Resources */,
				412D0220AC574045AACA53DB /* Poppins-SemiBold.otf in Resources */,
				6875F310ED8448B1AAC99B45 /* Poppins-SemiBoldItalic.otf in Resources */,
				CF9F34A080284933A256203C /* Poppins-Thin.otf in Resources */,
				1C012773F6AD4BE9821EF9B0 /* Poppins-ThinItalic.otf in Resources */,
				D5421A4F3B654F53BB1E5962 /* AntDesign.ttf in Resources */,
				BBAB50B78C264C0792893D1C /* Entypo.ttf in Resources */,
				372CB03913D34126A8083024 /* EvilIcons.ttf in Resources */,
				E90C0ABB15B644329155368B /* Feather.ttf in Resources */,
				9BF070A26FF54F84864DC909 /* FontAwesome.ttf in Resources */,
				DF88DFDD4AAC4A15940CC74F /* FontAwesome5_Brands.ttf in Resources */,
				0A2D67045D8746DAAF0C3817 /* FontAwesome5_Regular.ttf in Resources */,
				BC223E75E5BE49509742F193 /* FontAwesome5_Solid.ttf in Resources */,
				E386F74360AD4A6590E944D6 /* Fontisto.ttf in Resources */,
				3F8D5D49065C4CCEB724D45A /* Foundation.ttf in Resources */,
				79E7C6DD3C7A4218B44B39B1 /* Ionicons.ttf in Resources */,
				BA7EF8F364DE47939F866E16 /* MaterialCommunityIcons.ttf in Resources */,
				08C67940133B4CC1910D7442 /* MaterialIcons.ttf in Resources */,
				78E1467E4ACE42AE80DB0177 /* Octicons.ttf in Resources */,
				8F614CDB836C46968835F714 /* Roboto_medium.ttf in Resources */,
				FDCDEBEED7BC41EE80154922 /* Roboto.ttf in Resources */,
				8B4432711B7F402E886C58FD /* rubicon-icon-font.ttf in Resources */,
				12971B2C2DD7459C847906D4 /* SimpleLineIcons.ttf in Resources */,
				826ED6C944B944DB92C711FE /* Zocial.ttf in Resources */,
			);
			runOnlyForDeploymentPostprocessing = 0;
		};
		2D02E4791E0B4A5D006451C7 /* Resources */ = {
			isa = PBXResourcesBuildPhase;
			buildActionMask = 2147483647;
			files = (
				2D02E4BD1E0B4A84006451C7 /* Images.xcassets in Resources */,
			);
			runOnlyForDeploymentPostprocessing = 0;
		};
		2D02E48E1E0B4A5D006451C7 /* Resources */ = {
			isa = PBXResourcesBuildPhase;
			buildActionMask = 2147483647;
			files = (
			);
			runOnlyForDeploymentPostprocessing = 0;
		};
/* End PBXResourcesBuildPhase section */

/* Begin PBXShellScriptBuildPhase section */
		00DD1BFF1BD5951E006B06BC /* Bundle React Native code and images */ = {
			isa = PBXShellScriptBuildPhase;
			buildActionMask = 2147483647;
			files = (
			);
			inputPaths = (
			);
			name = "Bundle React Native code and images";
			outputPaths = (
			);
			runOnlyForDeploymentPostprocessing = 0;
			shellPath = /bin/sh;
			shellScript = "export NODE_BINARY=node\n../node_modules/react-native/scripts/react-native-xcode.sh";
		};
		2D02E4CB1E0B4B27006451C7 /* Bundle React Native Code And Images */ = {
			isa = PBXShellScriptBuildPhase;
			buildActionMask = 2147483647;
			files = (
			);
			inputPaths = (
			);
			name = "Bundle React Native Code And Images";
			outputPaths = (
			);
			runOnlyForDeploymentPostprocessing = 0;
			shellPath = /bin/sh;
			shellScript = "export NODE_BINARY=node\n../node_modules/react-native/scripts/react-native-xcode.sh";
		};
		FD10A7F022414F080027D42C /* Start Packager */ = {
			isa = PBXShellScriptBuildPhase;
			buildActionMask = 2147483647;
			files = (
			);
			inputFileListPaths = (
			);
			inputPaths = (
			);
			name = "Start Packager";
			outputFileListPaths = (
			);
			outputPaths = (
			);
			runOnlyForDeploymentPostprocessing = 0;
			shellPath = /bin/sh;
			shellScript = "export RCT_METRO_PORT=\"${RCT_METRO_PORT:=8081}\"\necho \"export RCT_METRO_PORT=${RCT_METRO_PORT}\" > \"${SRCROOT}/../node_modules/react-native/scripts/.packager.env\"\nif [ -z \"${RCT_NO_LAUNCH_PACKAGER+xxx}\" ] ; then\n  if nc -w 5 -z localhost ${RCT_METRO_PORT} ; then\n    if ! curl -s \"http://localhost:${RCT_METRO_PORT}/status\" | grep -q \"packager-status:running\" ; then\n      echo \"Port ${RCT_METRO_PORT} already in use, packager is either not running or not running correctly\"\n      exit 2\n    fi\n  else\n    open \"$SRCROOT/../node_modules/react-native/scripts/launchPackager.command\" || echo \"Can't start packager automatically\"\n  fi\nfi\n";
			showEnvVarsInLog = 0;
		};
		FD10A7F122414F3F0027D42C /* Start Packager */ = {
			isa = PBXShellScriptBuildPhase;
			buildActionMask = 2147483647;
			files = (
			);
			inputFileListPaths = (
			);
			inputPaths = (
			);
			name = "Start Packager";
			outputFileListPaths = (
			);
			outputPaths = (
			);
			runOnlyForDeploymentPostprocessing = 0;
			shellPath = /bin/sh;
			shellScript = "export RCT_METRO_PORT=\"${RCT_METRO_PORT:=8081}\"\necho \"export RCT_METRO_PORT=${RCT_METRO_PORT}\" > \"${SRCROOT}/../node_modules/react-native/scripts/.packager.env\"\nif [ -z \"${RCT_NO_LAUNCH_PACKAGER+xxx}\" ] ; then\n  if nc -w 5 -z localhost ${RCT_METRO_PORT} ; then\n    if ! curl -s \"http://localhost:${RCT_METRO_PORT}/status\" | grep -q \"packager-status:running\" ; then\n      echo \"Port ${RCT_METRO_PORT} already in use, packager is either not running or not running correctly\"\n      exit 2\n    fi\n  else\n    open \"$SRCROOT/../node_modules/react-native/scripts/launchPackager.command\" || echo \"Can't start packager automatically\"\n  fi\nfi\n";
			showEnvVarsInLog = 0;
		};
/* End PBXShellScriptBuildPhase section */

/* Begin PBXSourcesBuildPhase section */
		00E356EA1AD99517003FC87E /* Sources */ = {
			isa = PBXSourcesBuildPhase;
			buildActionMask = 2147483647;
			files = (
				00E356F31AD99517003FC87E /* InnerwondersTests.m in Sources */,
			);
			runOnlyForDeploymentPostprocessing = 0;
		};
		13B07F871A680F5B00A75B9A /* Sources */ = {
			isa = PBXSourcesBuildPhase;
			buildActionMask = 2147483647;
			files = (
				13B07FBC1A68108700A75B9A /* AppDelegate.m in Sources */,
				13B07FC11A68108700A75B9A /* main.m in Sources */,
			);
			runOnlyForDeploymentPostprocessing = 0;
		};
		2D02E4771E0B4A5D006451C7 /* Sources */ = {
			isa = PBXSourcesBuildPhase;
			buildActionMask = 2147483647;
			files = (
				2D02E4BF1E0B4AB3006451C7 /* main.m in Sources */,
				2D02E4BC1E0B4A80006451C7 /* AppDelegate.m in Sources */,
			);
			runOnlyForDeploymentPostprocessing = 0;
		};
		2D02E48C1E0B4A5D006451C7 /* Sources */ = {
			isa = PBXSourcesBuildPhase;
			buildActionMask = 2147483647;
			files = (
				2DCD954D1E0B4F2C00145EB5 /* InnerwondersTests.m in Sources */,
			);
			runOnlyForDeploymentPostprocessing = 0;
		};
/* End PBXSourcesBuildPhase section */

/* Begin PBXTargetDependency section */
		00E356F51AD99517003FC87E /* PBXTargetDependency */ = {
			isa = PBXTargetDependency;
			target = 13B07F861A680F5B00A75B9A /* Innerwonders */;
			targetProxy = 00E356F41AD99517003FC87E /* PBXContainerItemProxy */;
		};
		2D02E4921E0B4A5D006451C7 /* PBXTargetDependency */ = {
			isa = PBXTargetDependency;
			target = 2D02E47A1E0B4A5D006451C7 /* Innerwonders-tvOS */;
			targetProxy = 2D02E4911E0B4A5D006451C7 /* PBXContainerItemProxy */;
		};
/* End PBXTargetDependency section */

/* Begin PBXVariantGroup section */
		13B07FB11A68108700A75B9A /* LaunchScreen.xib */ = {
			isa = PBXVariantGroup;
			children = (
				13B07FB21A68108700A75B9A /* Base */,
			);
			name = LaunchScreen.xib;
			path = Innerwonders;
			sourceTree = "<group>";
		};
/* End PBXVariantGroup section */

/* Begin XCBuildConfiguration section */
		00E356F61AD99517003FC87E /* Debug */ = {
			isa = XCBuildConfiguration;
			buildSettings = {
				BUNDLE_LOADER = "$(TEST_HOST)";
				GCC_PREPROCESSOR_DEFINITIONS = (
					"DEBUG=1",
					"$(inherited)",
				);
				INFOPLIST_FILE = InnerwondersTests/Info.plist;
				IPHONEOS_DEPLOYMENT_TARGET = 9.0;
				LD_RUNPATH_SEARCH_PATHS = "$(inherited) @executable_path/Frameworks @loader_path/Frameworks";
				OTHER_LDFLAGS = (
					"-ObjC",
					"-lc++",
					"$(inherited)",
				);
				PRODUCT_BUNDLE_IDENTIFIER = "org.reactjs.native.example.$(PRODUCT_NAME:rfc1034identifier)";
				PRODUCT_NAME = "$(TARGET_NAME)";
				TEST_HOST = "$(BUILT_PRODUCTS_DIR)/Innerwonders.app/Innerwonders";
			};
			name = Debug;
		};
		00E356F71AD99517003FC87E /* Release */ = {
			isa = XCBuildConfiguration;
			buildSettings = {
				BUNDLE_LOADER = "$(TEST_HOST)";
				COPY_PHASE_STRIP = NO;
				INFOPLIST_FILE = InnerwondersTests/Info.plist;
				IPHONEOS_DEPLOYMENT_TARGET = 9.0;
				LD_RUNPATH_SEARCH_PATHS = "$(inherited) @executable_path/Frameworks @loader_path/Frameworks";
				OTHER_LDFLAGS = (
					"-ObjC",
					"-lc++",
					"$(inherited)",
				);
				PRODUCT_BUNDLE_IDENTIFIER = "org.reactjs.native.example.$(PRODUCT_NAME:rfc1034identifier)";
				PRODUCT_NAME = "$(TARGET_NAME)";
				TEST_HOST = "$(BUILT_PRODUCTS_DIR)/Innerwonders.app/Innerwonders";
			};
			name = Release;
		};
		13B07F941A680F5B00A75B9A /* Debug */ = {
			isa = XCBuildConfiguration;
			buildSettings = {
				ASSETCATALOG_COMPILER_APPICON_NAME = AppIcon;
				CURRENT_PROJECT_VERSION = 1;
				DEAD_CODE_STRIPPING = NO;
				INFOPLIST_FILE = Innerwonders/Info.plist;
				LD_RUNPATH_SEARCH_PATHS = "$(inherited) @executable_path/Frameworks";
				OTHER_LDFLAGS = (
					"$(inherited)",
					"-ObjC",
					"-lc++",
				);
				PRODUCT_BUNDLE_IDENTIFIER = "org.reactjs.native.example.$(PRODUCT_NAME:rfc1034identifier)";
				PRODUCT_NAME = Innerwonders;
				VERSIONING_SYSTEM = "apple-generic";
			};
			name = Debug;
		};
		13B07F951A680F5B00A75B9A /* Release */ = {
			isa = XCBuildConfiguration;
			buildSettings = {
				ASSETCATALOG_COMPILER_APPICON_NAME = AppIcon;
				CURRENT_PROJECT_VERSION = 1;
				INFOPLIST_FILE = Innerwonders/Info.plist;
				LD_RUNPATH_SEARCH_PATHS = "$(inherited) @executable_path/Frameworks";
				OTHER_LDFLAGS = (
					"$(inherited)",
					"-ObjC",
					"-lc++",
				);
				PRODUCT_BUNDLE_IDENTIFIER = "org.reactjs.native.example.$(PRODUCT_NAME:rfc1034identifier)";
				PRODUCT_NAME = Innerwonders;
				VERSIONING_SYSTEM = "apple-generic";
			};
			name = Release;
		};
		2D02E4971E0B4A5E006451C7 /* Debug */ = {
			isa = XCBuildConfiguration;
			buildSettings = {
				ASSETCATALOG_COMPILER_APPICON_NAME = "App Icon & Top Shelf Image";
				ASSETCATALOG_COMPILER_LAUNCHIMAGE_NAME = LaunchImage;
				CLANG_ANALYZER_NONNULL = YES;
				CLANG_WARN_DOCUMENTATION_COMMENTS = YES;
				CLANG_WARN_INFINITE_RECURSION = YES;
				CLANG_WARN_SUSPICIOUS_MOVE = YES;
				DEBUG_INFORMATION_FORMAT = dwarf;
				ENABLE_TESTABILITY = YES;
				GCC_NO_COMMON_BLOCKS = YES;
				INFOPLIST_FILE = "Innerwonders-tvOS/Info.plist";
				LD_RUNPATH_SEARCH_PATHS = "$(inherited) @executable_path/Frameworks";
				OTHER_LDFLAGS = (
					"$(inherited)",
					"-ObjC",
					"-lc++",
				);
				PRODUCT_BUNDLE_IDENTIFIER = "com.facebook.REACT.Innerwonders-tvOS";
				PRODUCT_NAME = "$(TARGET_NAME)";
				SDKROOT = appletvos;
				TARGETED_DEVICE_FAMILY = 3;
				TVOS_DEPLOYMENT_TARGET = 9.2;
			};
			name = Debug;
		};
		2D02E4981E0B4A5E006451C7 /* Release */ = {
			isa = XCBuildConfiguration;
			buildSettings = {
				ASSETCATALOG_COMPILER_APPICON_NAME = "App Icon & Top Shelf Image";
				ASSETCATALOG_COMPILER_LAUNCHIMAGE_NAME = LaunchImage;
				CLANG_ANALYZER_NONNULL = YES;
				CLANG_WARN_DOCUMENTATION_COMMENTS = YES;
				CLANG_WARN_INFINITE_RECURSION = YES;
				CLANG_WARN_SUSPICIOUS_MOVE = YES;
				COPY_PHASE_STRIP = NO;
				DEBUG_INFORMATION_FORMAT = "dwarf-with-dsym";
				GCC_NO_COMMON_BLOCKS = YES;
				INFOPLIST_FILE = "Innerwonders-tvOS/Info.plist";
				LD_RUNPATH_SEARCH_PATHS = "$(inherited) @executable_path/Frameworks";
				OTHER_LDFLAGS = (
					"$(inherited)",
					"-ObjC",
					"-lc++",
				);
				PRODUCT_BUNDLE_IDENTIFIER = "com.facebook.REACT.Innerwonders-tvOS";
				PRODUCT_NAME = "$(TARGET_NAME)";
				SDKROOT = appletvos;
				TARGETED_DEVICE_FAMILY = 3;
				TVOS_DEPLOYMENT_TARGET = 9.2;
			};
			name = Release;
		};
		2D02E4991E0B4A5E006451C7 /* Debug */ = {
			isa = XCBuildConfiguration;
			buildSettings = {
				BUNDLE_LOADER = "$(TEST_HOST)";
				CLANG_ANALYZER_NONNULL = YES;
				CLANG_WARN_DOCUMENTATION_COMMENTS = YES;
				CLANG_WARN_INFINITE_RECURSION = YES;
				CLANG_WARN_SUSPICIOUS_MOVE = YES;
				DEBUG_INFORMATION_FORMAT = dwarf;
				ENABLE_TESTABILITY = YES;
				GCC_NO_COMMON_BLOCKS = YES;
				INFOPLIST_FILE = "Innerwonders-tvOSTests/Info.plist";
				LD_RUNPATH_SEARCH_PATHS = "$(inherited) @executable_path/Frameworks @loader_path/Frameworks";
				OTHER_LDFLAGS = (
					"$(inherited)",
					"-ObjC",
					"-lc++",
				);
				PRODUCT_BUNDLE_IDENTIFIER = "com.facebook.REACT.Innerwonders-tvOSTests";
				PRODUCT_NAME = "$(TARGET_NAME)";
				SDKROOT = appletvos;
				TEST_HOST = "$(BUILT_PRODUCTS_DIR)/Innerwonders-tvOS.app/Innerwonders-tvOS";
				TVOS_DEPLOYMENT_TARGET = 10.1;
			};
			name = Debug;
		};
		2D02E49A1E0B4A5E006451C7 /* Release */ = {
			isa = XCBuildConfiguration;
			buildSettings = {
				BUNDLE_LOADER = "$(TEST_HOST)";
				CLANG_ANALYZER_NONNULL = YES;
				CLANG_WARN_DOCUMENTATION_COMMENTS = YES;
				CLANG_WARN_INFINITE_RECURSION = YES;
				CLANG_WARN_SUSPICIOUS_MOVE = YES;
				COPY_PHASE_STRIP = NO;
				DEBUG_INFORMATION_FORMAT = "dwarf-with-dsym";
				GCC_NO_COMMON_BLOCKS = YES;
				INFOPLIST_FILE = "Innerwonders-tvOSTests/Info.plist";
				LD_RUNPATH_SEARCH_PATHS = "$(inherited) @executable_path/Frameworks @loader_path/Frameworks";
				OTHER_LDFLAGS = (
					"$(inherited)",
					"-ObjC",
					"-lc++",
				);
				PRODUCT_BUNDLE_IDENTIFIER = "com.facebook.REACT.Innerwonders-tvOSTests";
				PRODUCT_NAME = "$(TARGET_NAME)";
				SDKROOT = appletvos;
				TEST_HOST = "$(BUILT_PRODUCTS_DIR)/Innerwonders-tvOS.app/Innerwonders-tvOS";
				TVOS_DEPLOYMENT_TARGET = 10.1;
			};
			name = Release;
		};
		83CBBA201A601CBA00E9B192 /* Debug */ = {
			isa = XCBuildConfiguration;
			buildSettings = {
				ALWAYS_SEARCH_USER_PATHS = NO;
				CLANG_CXX_LANGUAGE_STANDARD = "gnu++0x";
				CLANG_CXX_LIBRARY = "libc++";
				CLANG_ENABLE_MODULES = YES;
				CLANG_ENABLE_OBJC_ARC = YES;
				CLANG_WARN_BLOCK_CAPTURE_AUTORELEASING = YES;
				CLANG_WARN_BOOL_CONVERSION = YES;
				CLANG_WARN_COMMA = YES;
				CLANG_WARN_CONSTANT_CONVERSION = YES;
				CLANG_WARN_DEPRECATED_OBJC_IMPLEMENTATIONS = YES;
				CLANG_WARN_DIRECT_OBJC_ISA_USAGE = YES_ERROR;
				CLANG_WARN_EMPTY_BODY = YES;
				CLANG_WARN_ENUM_CONVERSION = YES;
				CLANG_WARN_INFINITE_RECURSION = YES;
				CLANG_WARN_INT_CONVERSION = YES;
				CLANG_WARN_NON_LITERAL_NULL_CONVERSION = YES;
				CLANG_WARN_OBJC_IMPLICIT_RETAIN_SELF = YES;
				CLANG_WARN_OBJC_LITERAL_CONVERSION = YES;
				CLANG_WARN_OBJC_ROOT_CLASS = YES_ERROR;
				CLANG_WARN_RANGE_LOOP_ANALYSIS = YES;
				CLANG_WARN_STRICT_PROTOTYPES = YES;
				CLANG_WARN_SUSPICIOUS_MOVE = YES;
				CLANG_WARN_UNREACHABLE_CODE = YES;
				CLANG_WARN__DUPLICATE_METHOD_MATCH = YES;
				"CODE_SIGN_IDENTITY[sdk=iphoneos*]" = "iPhone Developer";
				COPY_PHASE_STRIP = NO;
				ENABLE_STRICT_OBJC_MSGSEND = YES;
				ENABLE_TESTABILITY = YES;
				GCC_C_LANGUAGE_STANDARD = gnu99;
				GCC_DYNAMIC_NO_PIC = NO;
				GCC_NO_COMMON_BLOCKS = YES;
				GCC_OPTIMIZATION_LEVEL = 0;
				GCC_PREPROCESSOR_DEFINITIONS = (
					"DEBUG=1",
					"$(inherited)",
				);
				GCC_SYMBOLS_PRIVATE_EXTERN = NO;
				GCC_WARN_64_TO_32_BIT_CONVERSION = YES;
				GCC_WARN_ABOUT_RETURN_TYPE = YES_ERROR;
				GCC_WARN_UNDECLARED_SELECTOR = YES;
				GCC_WARN_UNINITIALIZED_AUTOS = YES_AGGRESSIVE;
				GCC_WARN_UNUSED_FUNCTION = YES;
				GCC_WARN_UNUSED_VARIABLE = YES;
				IPHONEOS_DEPLOYMENT_TARGET = 9.0;
				MTL_ENABLE_DEBUG_INFO = YES;
				ONLY_ACTIVE_ARCH = YES;
				SDKROOT = iphoneos;
			};
			name = Debug;
		};
		83CBBA211A601CBA00E9B192 /* Release */ = {
			isa = XCBuildConfiguration;
			buildSettings = {
				ALWAYS_SEARCH_USER_PATHS = NO;
				CLANG_CXX_LANGUAGE_STANDARD = "gnu++0x";
				CLANG_CXX_LIBRARY = "libc++";
				CLANG_ENABLE_MODULES = YES;
				CLANG_ENABLE_OBJC_ARC = YES;
				CLANG_WARN_BLOCK_CAPTURE_AUTORELEASING = YES;
				CLANG_WARN_BOOL_CONVERSION = YES;
				CLANG_WARN_COMMA = YES;
				CLANG_WARN_CONSTANT_CONVERSION = YES;
				CLANG_WARN_DEPRECATED_OBJC_IMPLEMENTATIONS = YES;
				CLANG_WARN_DIRECT_OBJC_ISA_USAGE = YES_ERROR;
				CLANG_WARN_EMPTY_BODY = YES;
				CLANG_WARN_ENUM_CONVERSION = YES;
				CLANG_WARN_INFINITE_RECURSION = YES;
				CLANG_WARN_INT_CONVERSION = YES;
				CLANG_WARN_NON_LITERAL_NULL_CONVERSION = YES;
				CLANG_WARN_OBJC_IMPLICIT_RETAIN_SELF = YES;
				CLANG_WARN_OBJC_LITERAL_CONVERSION = YES;
				CLANG_WARN_OBJC_ROOT_CLASS = YES_ERROR;
				CLANG_WARN_RANGE_LOOP_ANALYSIS = YES;
				CLANG_WARN_STRICT_PROTOTYPES = YES;
				CLANG_WARN_SUSPICIOUS_MOVE = YES;
				CLANG_WARN_UNREACHABLE_CODE = YES;
				CLANG_WARN__DUPLICATE_METHOD_MATCH = YES;
				"CODE_SIGN_IDENTITY[sdk=iphoneos*]" = "iPhone Developer";
				COPY_PHASE_STRIP = YES;
				ENABLE_NS_ASSERTIONS = NO;
				ENABLE_STRICT_OBJC_MSGSEND = YES;
				GCC_C_LANGUAGE_STANDARD = gnu99;
				GCC_NO_COMMON_BLOCKS = YES;
				GCC_WARN_64_TO_32_BIT_CONVERSION = YES;
				GCC_WARN_ABOUT_RETURN_TYPE = YES_ERROR;
				GCC_WARN_UNDECLARED_SELECTOR = YES;
				GCC_WARN_UNINITIALIZED_AUTOS = YES_AGGRESSIVE;
				GCC_WARN_UNUSED_FUNCTION = YES;
				GCC_WARN_UNUSED_VARIABLE = YES;
				IPHONEOS_DEPLOYMENT_TARGET = 9.0;
				MTL_ENABLE_DEBUG_INFO = NO;
				SDKROOT = iphoneos;
				VALIDATE_PRODUCT = YES;
			};
			name = Release;
		};
/* End XCBuildConfiguration section */

/* Begin XCConfigurationList section */
		00E357021AD99517003FC87E /* Build configuration list for PBXNativeTarget "InnerwondersTests" */ = {
			isa = XCConfigurationList;
			buildConfigurations = (
				00E356F61AD99517003FC87E /* Debug */,
				00E356F71AD99517003FC87E /* Release */,
			);
			defaultConfigurationIsVisible = 0;
			defaultConfigurationName = Release;
		};
		13B07F931A680F5B00A75B9A /* Build configuration list for PBXNativeTarget "Innerwonders" */ = {
			isa = XCConfigurationList;
			buildConfigurations = (
				13B07F941A680F5B00A75B9A /* Debug */,
				13B07F951A680F5B00A75B9A /* Release */,
			);
			defaultConfigurationIsVisible = 0;
			defaultConfigurationName = Release;
		};
		2D02E4BA1E0B4A5E006451C7 /* Build configuration list for PBXNativeTarget "Innerwonders-tvOS" */ = {
			isa = XCConfigurationList;
			buildConfigurations = (
				2D02E4971E0B4A5E006451C7 /* Debug */,
				2D02E4981E0B4A5E006451C7 /* Release */,
			);
			defaultConfigurationIsVisible = 0;
			defaultConfigurationName = Release;
		};
		2D02E4BB1E0B4A5E006451C7 /* Build configuration list for PBXNativeTarget "Innerwonders-tvOSTests" */ = {
			isa = XCConfigurationList;
			buildConfigurations = (
				2D02E4991E0B4A5E006451C7 /* Debug */,
				2D02E49A1E0B4A5E006451C7 /* Release */,
			);
			defaultConfigurationIsVisible = 0;
			defaultConfigurationName = Release;
		};
		83CBB9FA1A601CBA00E9B192 /* Build configuration list for PBXProject "Innerwonders" */ = {
			isa = XCConfigurationList;
			buildConfigurations = (
				83CBBA201A601CBA00E9B192 /* Debug */,
				83CBBA211A601CBA00E9B192 /* Release */,
			);
			defaultConfigurationIsVisible = 0;
			defaultConfigurationName = Release;
		};
/* End XCConfigurationList section */
	};
	rootObject = 83CBB9F71A601CBA00E9B192 /* Project object */;
}
